
Microsoft Visual Studio Solution File, Format Version 12.00
# Visual Studio Version 17
VisualStudioVersion = 17.0.31903.59
MinimumVisualStudioVersion = 10.0.40219.1
Project("{2150E333-8FDC-42A3-9474-1A3956D46DE8}") = "src", "src", "{F7ECA0B8-B7EF-4827-9627-A2B788A3F939}"
EndProject
Project("{FAE04EC0-301F-11D3-BF4B-00C04F79EFBC}") = "InfraScan", "src\InfraScan\InfraScan.csproj", "{4391848D-1A94-409D-A4AB-A350A36D893E}"
EndProject
Global
	GlobalSection(SolutionConfigurationPlatforms) = preSolution
		Debug|Any CPU = Debug|Any CPU
		Release|Any CPU = Release|Any CPU
	EndGlobalSection
	GlobalSection(SolutionProperties) = preSolution
		HideSolutionNode = FALSE
	EndGlobalSection
	GlobalSection(ProjectConfigurationPlatforms) = postSolution
		{4391848D-1A94-409D-A4AB-A350A36D893E}.Debug|Any CPU.ActiveCfg = Debug|Any CPU
		{4391848D-1A94-409D-A4AB-A350A36D893E}.Debug|Any CPU.Build.0 = Debug|Any CPU
		{4391848D-1A94-409D-A4AB-A350A36D893E}.Release|Any CPU.ActiveCfg = Release|Any CPU
		{4391848D-1A94-409D-A4AB-A350A36D893E}.Release|Any CPU.Build.0 = Release|Any CPU
	EndGlobalSection
	GlobalSection(NestedProjects) = preSolution
		{4391848D-1A94-409D-A4AB-A350A36D893E} = {F7ECA0B8-B7EF-4827-9627-A2B788A3F939}
	EndGlobalSection
EndGlobal
